
Microsoft Visual Studio Solution File, Format Version 12.00
# Visual Studio 2012
Project("{FAE04EC0-301F-11D3-BF4B-00C04F79EFBC}") = "1.Greeting", "1.Greeting\1.Greeting.csproj", "{D83AC373-C0D1-4297-AD00-31F0E9B103A4}"
EndProject
Project("{FAE04EC0-301F-11D3-BF4B-00C04F79EFBC}") = "2.TheBiggestOfThree", "2.TheBiggestOfThree\2.TheBiggestOfThree.csproj", "{BD348048-804E-498C-8D3A-22D02BEEFED2}"
EndProject
Project("{FAE04EC0-301F-11D3-BF4B-00C04F79EFBC}") = "3.ReturnsDigit", "3.ReturnsDigit\3.ReturnsDigit.csproj", "{AF9BBAAD-B95C-4A53-9A6F-89228168912A}"
EndProject
Project("{FAE04EC0-301F-11D3-BF4B-00C04F79EFBC}") = "7.ReversNum", "7.ReversNum\7.ReversNum.csproj", "{69C80A4A-AE88-4D38-A420-7822874F186B}"
EndProject
Project("{FAE04EC0-301F-11D3-BF4B-00C04F79EFBC}") = "4.HowManyTimesNum", "4.HowManyTimesNum\4.HowManyTimesNum.csproj", "{A1AA5DAB-D0A8-4C08-94FC-5A7099428524}"
EndProject
Project("{FAE04EC0-301F-11D3-BF4B-00C04F79EFBC}") = "5.BiggerThanNeighbors", "5.BiggerThanNeighbors\5.BiggerThanNeighbors.csproj", "{3B8207D3-B6B6-4A9C-BBF4-3D7D371DE65F}"
EndProject
Project("{FAE04EC0-301F-11D3-BF4B-00C04F79EFBC}") = "9.Sorting", "9.Sorting\9.Sorting.csproj", "{F1437A91-B5D4-4896-A26B-75DF9AB3C29A}"
EndProject
Project("{FAE04EC0-301F-11D3-BF4B-00C04F79EFBC}") = "10.NFactoriel", "10.NFactoriel\10.NFactoriel.csproj", "{7123C1AD-24B1-4220-9A37-724ECD420799}"
EndProject
Project("{FAE04EC0-301F-11D3-BF4B-00C04F79EFBC}") = "13.ThreeTasksSolve", "13ThreeTasksSolve\13.ThreeTasksSolve.csproj", "{4A020A20-7BB1-4820-84CB-366ECB4AC192}"
EndProject
Global
	GlobalSection(SolutionConfigurationPlatforms) = preSolution
		Debug|Any CPU = Debug|Any CPU
		Release|Any CPU = Release|Any CPU
	EndGlobalSection
	GlobalSection(ProjectConfigurationPlatforms) = postSolution
		{D83AC373-C0D1-4297-AD00-31F0E9B103A4}.Debug|Any CPU.ActiveCfg = Debug|Any CPU
		{D83AC373-C0D1-4297-AD00-31F0E9B103A4}.Debug|Any CPU.Build.0 = Debug|Any CPU
		{D83AC373-C0D1-4297-AD00-31F0E9B103A4}.Release|Any CPU.ActiveCfg = Release|Any CPU
		{D83AC373-C0D1-4297-AD00-31F0E9B103A4}.Release|Any CPU.Build.0 = Release|Any CPU
		{BD348048-804E-498C-8D3A-22D02BEEFED2}.Debug|Any CPU.ActiveCfg = Debug|Any CPU
		{BD348048-804E-498C-8D3A-22D02BEEFED2}.Debug|Any CPU.Build.0 = Debug|Any CPU
		{BD348048-804E-498C-8D3A-22D02BEEFED2}.Release|Any CPU.ActiveCfg = Release|Any CPU
		{BD348048-804E-498C-8D3A-22D02BEEFED2}.Release|Any CPU.Build.0 = Release|Any CPU
		{AF9BBAAD-B95C-4A53-9A6F-89228168912A}.Debug|Any CPU.ActiveCfg = Debug|Any CPU
		{AF9BBAAD-B95C-4A53-9A6F-89228168912A}.Debug|Any CPU.Build.0 = Debug|Any CPU
		{AF9BBAAD-B95C-4A53-9A6F-89228168912A}.Release|Any CPU.ActiveCfg = Release|Any CPU
		{AF9BBAAD-B95C-4A53-9A6F-89228168912A}.Release|Any CPU.Build.0 = Release|Any CPU
		{69C80A4A-AE88-4D38-A420-7822874F186B}.Debug|Any CPU.ActiveCfg = Debug|Any CPU
		{69C80A4A-AE88-4D38-A420-7822874F186B}.Debug|Any CPU.Build.0 = Debug|Any CPU
		{69C80A4A-AE88-4D38-A420-7822874F186B}.Release|Any CPU.ActiveCfg = Release|Any CPU
		{69C80A4A-AE88-4D38-A420-7822874F186B}.Release|Any CPU.Build.0 = Release|Any CPU
		{A1AA5DAB-D0A8-4C08-94FC-5A7099428524}.Debug|Any CPU.ActiveCfg = Debug|Any CPU
		{A1AA5DAB-D0A8-4C08-94FC-5A7099428524}.Debug|Any CPU.Build.0 = Debug|Any CPU
		{A1AA5DAB-D0A8-4C08-94FC-5A7099428524}.Release|Any CPU.ActiveCfg = Release|Any CPU
		{A1AA5DAB-D0A8-4C08-94FC-5A7099428524}.Release|Any CPU.Build.0 = Release|Any CPU
		{3B8207D3-B6B6-4A9C-BBF4-3D7D371DE65F}.Debug|Any CPU.ActiveCfg = Debug|Any CPU
		{3B8207D3-B6B6-4A9C-BBF4-3D7D371DE65F}.Debug|Any CPU.Build.0 = Debug|Any CPU
		{3B8207D3-B6B6-4A9C-BBF4-3D7D371DE65F}.Release|Any CPU.ActiveCfg = Release|Any CPU
		{3B8207D3-B6B6-4A9C-BBF4-3D7D371DE65F}.Release|Any CPU.Build.0 = Release|Any CPU
		{F1437A91-B5D4-4896-A26B-75DF9AB3C29A}.Debug|Any CPU.ActiveCfg = Debug|Any CPU
		{F1437A91-B5D4-4896-A26B-75DF9AB3C29A}.Debug|Any CPU.Build.0 = Debug|Any CPU
		{F1437A91-B5D4-4896-A26B-75DF9AB3C29A}.Release|Any CPU.ActiveCfg = Release|Any CPU
		{F1437A91-B5D4-4896-A26B-75DF9AB3C29A}.Release|Any CPU.Build.0 = Release|Any CPU
		{7123C1AD-24B1-4220-9A37-724ECD420799}.Debug|Any CPU.ActiveCfg = Debug|Any CPU
		{7123C1AD-24B1-4220-9A37-724ECD420799}.Debug|Any CPU.Build.0 = Debug|Any CPU
		{7123C1AD-24B1-4220-9A37-724ECD420799}.Release|Any CPU.ActiveCfg = Release|Any CPU
		{7123C1AD-24B1-4220-9A37-724ECD420799}.Release|Any CPU.Build.0 = Release|Any CPU
		{4A020A20-7BB1-4820-84CB-366ECB4AC192}.Debug|Any CPU.ActiveCfg = Debug|Any CPU
		{4A020A20-7BB1-4820-84CB-366ECB4AC192}.Debug|Any CPU.Build.0 = Debug|Any CPU
		{4A020A20-7BB1-4820-84CB-366ECB4AC192}.Release|Any CPU.ActiveCfg = Release|Any CPU
		{4A020A20-7BB1-4820-84CB-366ECB4AC192}.Release|Any CPU.Build.0 = Release|Any CPU
	EndGlobalSection
	GlobalSection(SolutionProperties) = preSolution
		HideSolutionNode = FALSE
	EndGlobalSection
EndGlobal
