
Microsoft Visual Studio Solution File, Format Version 12.00
# Visual Studio 2012
Project("{FAE04EC0-301F-11D3-BF4B-00C04F79EFBC}") = "1.DecimalToBynary", "1.DecimalToBynary\1.DecimalToBynary.csproj", "{454D9A2A-6728-4A0B-B989-72D6E34A04A2}"
EndProject
Project("{FAE04EC0-301F-11D3-BF4B-00C04F79EFBC}") = "2.BinaryToDecimal", "2.BinaryToDecimal\2.BinaryToDecimal.csproj", "{7D076E57-14A5-4815-92AE-BCEDA24ABEA5}"
EndProject
Project("{FAE04EC0-301F-11D3-BF4B-00C04F79EFBC}") = "3.DecimalToHexadecimal", "3.DecimalToHexadecimal\3.DecimalToHexadecimal.csproj", "{1660B5BE-669F-47A1-8B61-E154DA156A4E}"
EndProject
Project("{FAE04EC0-301F-11D3-BF4B-00C04F79EFBC}") = "4.HexToDecimal", "4.HexToDecimal\4.HexToDecimal.csproj", "{62EB7EB1-C82D-4DDE-9446-318299B4C15C}"
EndProject
Project("{FAE04EC0-301F-11D3-BF4B-00C04F79EFBC}") = "5.HexToBinary", "5.HexToDec\5.HexToBinary.csproj", "{032BC57F-E8A6-4DF5-BFC2-48D9BD4F0CE2}"
EndProject
Global
	GlobalSection(SolutionConfigurationPlatforms) = preSolution
		Debug|Any CPU = Debug|Any CPU
		Release|Any CPU = Release|Any CPU
	EndGlobalSection
	GlobalSection(ProjectConfigurationPlatforms) = postSolution
		{454D9A2A-6728-4A0B-B989-72D6E34A04A2}.Debug|Any CPU.ActiveCfg = Debug|Any CPU
		{454D9A2A-6728-4A0B-B989-72D6E34A04A2}.Debug|Any CPU.Build.0 = Debug|Any CPU
		{454D9A2A-6728-4A0B-B989-72D6E34A04A2}.Release|Any CPU.ActiveCfg = Release|Any CPU
		{454D9A2A-6728-4A0B-B989-72D6E34A04A2}.Release|Any CPU.Build.0 = Release|Any CPU
		{7D076E57-14A5-4815-92AE-BCEDA24ABEA5}.Debug|Any CPU.ActiveCfg = Debug|Any CPU
		{7D076E57-14A5-4815-92AE-BCEDA24ABEA5}.Debug|Any CPU.Build.0 = Debug|Any CPU
		{7D076E57-14A5-4815-92AE-BCEDA24ABEA5}.Release|Any CPU.ActiveCfg = Release|Any CPU
		{7D076E57-14A5-4815-92AE-BCEDA24ABEA5}.Release|Any CPU.Build.0 = Release|Any CPU
		{1660B5BE-669F-47A1-8B61-E154DA156A4E}.Debug|Any CPU.ActiveCfg = Debug|Any CPU
		{1660B5BE-669F-47A1-8B61-E154DA156A4E}.Debug|Any CPU.Build.0 = Debug|Any CPU
		{1660B5BE-669F-47A1-8B61-E154DA156A4E}.Release|Any CPU.ActiveCfg = Release|Any CPU
		{1660B5BE-669F-47A1-8B61-E154DA156A4E}.Release|Any CPU.Build.0 = Release|Any CPU
		{62EB7EB1-C82D-4DDE-9446-318299B4C15C}.Debug|Any CPU.ActiveCfg = Debug|Any CPU
		{62EB7EB1-C82D-4DDE-9446-318299B4C15C}.Debug|Any CPU.Build.0 = Debug|Any CPU
		{62EB7EB1-C82D-4DDE-9446-318299B4C15C}.Release|Any CPU.ActiveCfg = Release|Any CPU
		{62EB7EB1-C82D-4DDE-9446-318299B4C15C}.Release|Any CPU.Build.0 = Release|Any CPU
		{032BC57F-E8A6-4DF5-BFC2-48D9BD4F0CE2}.Debug|Any CPU.ActiveCfg = Debug|Any CPU
		{032BC57F-E8A6-4DF5-BFC2-48D9BD4F0CE2}.Debug|Any CPU.Build.0 = Debug|Any CPU
		{032BC57F-E8A6-4DF5-BFC2-48D9BD4F0CE2}.Release|Any CPU.ActiveCfg = Release|Any CPU
		{032BC57F-E8A6-4DF5-BFC2-48D9BD4F0CE2}.Release|Any CPU.Build.0 = Release|Any CPU
	EndGlobalSection
	GlobalSection(SolutionProperties) = preSolution
		HideSolutionNode = FALSE
	EndGlobalSection
EndGlobal
