
Microsoft Visual Studio Solution File, Format Version 12.00
# Visual Studio 2012
Project("{FAE04EC0-301F-11D3-BF4B-00C04F79EFBC}") = "1.InvalidNumExeption", "1.InvalidNumExeption\1.InvalidNumExeption.csproj", "{8A313C10-B538-49A1-BD71-2EA54BF54D99}"
EndProject
Project("{FAE04EC0-301F-11D3-BF4B-00C04F79EFBC}") = "2.ReadNumberInRange", "2.ReadNumberInRange\2.ReadNumberInRange.csproj", "{3EAD5D11-85B0-4C44-A187-442C6D0DC946}"
EndProject
Project("{FAE04EC0-301F-11D3-BF4B-00C04F79EFBC}") = "3.ReadFromFile", "3.ReadFromFile\3.ReadFromFile.csproj", "{7E963636-0BA7-46C4-A1E2-0DC1FE7B0B79}"
EndProject
Project("{FAE04EC0-301F-11D3-BF4B-00C04F79EFBC}") = "4.DownloadFiles", "4.DownloadFiles\4.DownloadFiles.csproj", "{B64CAD63-52A4-4EC3-9B81-DFFF72634050}"
EndProject
Global
	GlobalSection(SolutionConfigurationPlatforms) = preSolution
		Debug|Any CPU = Debug|Any CPU
		Release|Any CPU = Release|Any CPU
	EndGlobalSection
	GlobalSection(ProjectConfigurationPlatforms) = postSolution
		{8A313C10-B538-49A1-BD71-2EA54BF54D99}.Debug|Any CPU.ActiveCfg = Debug|Any CPU
		{8A313C10-B538-49A1-BD71-2EA54BF54D99}.Debug|Any CPU.Build.0 = Debug|Any CPU
		{8A313C10-B538-49A1-BD71-2EA54BF54D99}.Release|Any CPU.ActiveCfg = Release|Any CPU
		{8A313C10-B538-49A1-BD71-2EA54BF54D99}.Release|Any CPU.Build.0 = Release|Any CPU
		{3EAD5D11-85B0-4C44-A187-442C6D0DC946}.Debug|Any CPU.ActiveCfg = Debug|Any CPU
		{3EAD5D11-85B0-4C44-A187-442C6D0DC946}.Debug|Any CPU.Build.0 = Debug|Any CPU
		{3EAD5D11-85B0-4C44-A187-442C6D0DC946}.Release|Any CPU.ActiveCfg = Release|Any CPU
		{3EAD5D11-85B0-4C44-A187-442C6D0DC946}.Release|Any CPU.Build.0 = Release|Any CPU
		{7E963636-0BA7-46C4-A1E2-0DC1FE7B0B79}.Debug|Any CPU.ActiveCfg = Debug|Any CPU
		{7E963636-0BA7-46C4-A1E2-0DC1FE7B0B79}.Debug|Any CPU.Build.0 = Debug|Any CPU
		{7E963636-0BA7-46C4-A1E2-0DC1FE7B0B79}.Release|Any CPU.ActiveCfg = Release|Any CPU
		{7E963636-0BA7-46C4-A1E2-0DC1FE7B0B79}.Release|Any CPU.Build.0 = Release|Any CPU
		{B64CAD63-52A4-4EC3-9B81-DFFF72634050}.Debug|Any CPU.ActiveCfg = Debug|Any CPU
		{B64CAD63-52A4-4EC3-9B81-DFFF72634050}.Debug|Any CPU.Build.0 = Debug|Any CPU
		{B64CAD63-52A4-4EC3-9B81-DFFF72634050}.Release|Any CPU.ActiveCfg = Release|Any CPU
		{B64CAD63-52A4-4EC3-9B81-DFFF72634050}.Release|Any CPU.Build.0 = Release|Any CPU
	EndGlobalSection
	GlobalSection(SolutionProperties) = preSolution
		HideSolutionNode = FALSE
	EndGlobalSection
EndGlobal
